lockfileVersion: 5.4

specifiers:
  '@agros/config': workspace:^0.0.2
  '@babel/parser': ^7.18.5
  '@babel/types': ^7.18.4
  '@types/fs-extra': ^9.0.13
  '@types/lodash': ^4.14.182
  fs-extra: ^10.1.0
  lodash: ^4.17.21
  parse-glob: ^3.0.4

dependencies:
  '@agros/config': link:../agros-config
  '@babel/parser': 7.18.5
  '@babel/types': 7.18.4
  fs-extra: 10.1.0
  lodash: 4.17.21
  parse-glob: 3.0.4

devDependencies:
  '@types/fs-extra': 9.0.13
  '@types/lodash': 4.14.182

packages:

  /@babel/helper-validator-identifier/7.16.7:
    resolution: {integrity: sha512-hsEnFemeiW4D08A5gUAZxLBTXpZ39P+a+DGDsHw1yxqyQ/jzFEnxf5uTEGp+3bzAbNOxU1paTgYS4ECU/IgfDw==}
    engines: {node: '>=6.9.0'}
    dev: false

  /@babel/parser/7.18.5:
    resolution: {integrity: sha512-YZWVaglMiplo7v8f1oMQ5ZPQr0vn7HPeZXxXWsxXJRjGVrzUFn9OxFQl1sb5wzfootjA/yChhW84BV+383FSOw==}
    engines: {node: '>=6.0.0'}
    hasBin: true
    dependencies:
      '@babel/types': 7.18.4
    dev: false

  /@babel/types/7.18.4:
    resolution: {integrity: sha512-ThN1mBcMq5pG/Vm2IcBmPPfyPXbd8S02rS+OBIDENdufvqC7Z/jHPCv9IcP01277aKtDI8g/2XysBN4hA8niiw==}
    engines: {node: '>=6.9.0'}
    dependencies:
      '@babel/helper-validator-identifier': 7.16.7
      to-fast-properties: 2.0.0
    dev: false

  /@types/fs-extra/9.0.13:
    resolution: {integrity: sha512-nEnwB++1u5lVDM2UI4c1+5R+FYaKfaAzS4OococimjVm3nQw3TuzH5UNsocrcTBbhnerblyHj4A49qXbIiZdpA==}
    dependencies:
      '@types/node': 18.0.0
    dev: true

  /@types/lodash/4.14.182:
    resolution: {integrity: sha512-/THyiqyQAP9AfARo4pF+aCGcyiQ94tX/Is2I7HofNRqoYLgN1PBoOWu2/zTA5zMxzP5EFutMtWtGAFRKUe961Q==}
    dev: true

  /@types/node/18.0.0:
    resolution: {integrity: sha512-cHlGmko4gWLVI27cGJntjs/Sj8th9aYwplmZFwmmgYQQvL5NUsgVJG7OddLvNfLqYS31KFN0s3qlaD9qCaxACA==}
    dev: true

  /fs-extra/10.1.0:
    resolution: {integrity: sha512-oRXApq54ETRj4eMiFzGnHWGy+zo5raudjuxN0b8H7s/RU2oW0Wvsx9O0ACRN/kRq9E8Vu/ReskGB5o3ji+FzHQ==}
    engines: {node: '>=12'}
    dependencies:
      graceful-fs: 4.2.10
      jsonfile: 6.1.0
      universalify: 2.0.0
    dev: false

  /glob-base/0.3.0:
    resolution: {integrity: sha512-ab1S1g1EbO7YzauaJLkgLp7DZVAqj9M/dvKlTt8DkXA2tiOIcSMrlVI2J1RZyB5iJVccEscjGn+kpOG9788MHA==}
    engines: {node: '>=0.10.0'}
    dependencies:
      glob-parent: 2.0.0
      is-glob: 2.0.1
    dev: false

  /glob-parent/2.0.0:
    resolution: {integrity: sha512-JDYOvfxio/t42HKdxkAYaCiBN7oYiuxykOxKxdaUW5Qn0zaYN3gRQWolrwdnf0shM9/EP0ebuuTmyoXNr1cC5w==}
    dependencies:
      is-glob: 2.0.1
    dev: false

  /graceful-fs/4.2.10:
    resolution: {integrity: sha512-9ByhssR2fPVsNZj478qUUbKfmL0+t5BDVyjShtyZZLiK7ZDAArFFfopyOTj0M05wE2tJPisA4iTnnXl2YoPvOA==}
    dev: false

  /is-dotfile/1.0.3:
    resolution: {integrity: sha512-9YclgOGtN/f8zx0Pr4FQYMdibBiTaH3sn52vjYip4ZSf6C4/6RfTEZ+MR4GvKhCxdPh21Bg42/WL55f6KSnKpg==}
    engines: {node: '>=0.10.0'}
    dev: false

  /is-extglob/1.0.0:
    resolution: {integrity: sha512-7Q+VbVafe6x2T+Tu6NcOf6sRklazEPmBoB3IWk3WdGZM2iGUwU/Oe3Wtq5lSEkDTTlpp8yx+5t4pzO/i9Ty1ww==}
    engines: {node: '>=0.10.0'}
    dev: false

  /is-glob/2.0.1:
    resolution: {integrity: sha512-a1dBeB19NXsf/E0+FHqkagizel/LQw2DjSQpvQrj3zT+jYPpaUCryPnrQajXKFLCMuf4I6FhRpaGtw4lPrG6Eg==}
    engines: {node: '>=0.10.0'}
    dependencies:
      is-extglob: 1.0.0
    dev: false

  /jsonfile/6.1.0:
    resolution: {integrity: sha512-5dgndWOriYSm5cnYaJNhalLNDKOqFwyDB/rr1E9ZsGciGvKPs8R2xYGCacuf3z6K1YKDz182fd+fY3cn3pMqXQ==}
    dependencies:
      universalify: 2.0.0
    optionalDependencies:
      graceful-fs: 4.2.10
    dev: false

  /lodash/4.17.21:
    resolution: {integrity: sha512-v2kDEe57lecTulaDIuNTPy3Ry4gLGJ6Z1O3vE1krgXZNrsQ+LFTGHVxVjcXPs17LhbZVGedAJv8XZ1tvj5FvSg==}
    dev: false

  /parse-glob/3.0.4:
    resolution: {integrity: sha512-FC5TeK0AwXzq3tUBFtH74naWkPQCEWs4K+xMxWZBlKDWu0bVHXGZa+KKqxKidd7xwhdZ19ZNuF2uO1M/r196HA==}
    engines: {node: '>=0.10.0'}
    dependencies:
      glob-base: 0.3.0
      is-dotfile: 1.0.3
      is-extglob: 1.0.0
      is-glob: 2.0.1
    dev: false

  /to-fast-properties/2.0.0:
    resolution: {integrity: sha512-/OaKK0xYrs3DmxRYqL/yDc+FxFUVYhDlXMhRmv3z915w2HF1tnN1omB354j8VUGO/hbRzyD6Y3sA7v7GS/ceog==}
    engines: {node: '>=4'}
    dev: false

  /universalify/2.0.0:
    resolution: {integrity: sha512-hAZsKq7Yy11Zu1DE0OzWjw7nnLZmJZYTDZZyEFHZdUhV8FkH5MCfoU1XMaxXovpyW5nq5scPqq0ZDP9Zyl04oQ==}
    engines: {node: '>= 10.0.0'}
    dev: false
