lockfileVersion: 5.4

specifiers:
  '@agros/tools': workspace:^0.0.0
  '@types/is-promise': ^2.2.0
  is-promise: ^4.0.0
  reflect-metadata: ^0.1.13

dependencies:
  '@agros/tools': link:../agros-tools
  is-promise: 4.0.0
  reflect-metadata: 0.1.13

devDependencies:
  '@types/is-promise': 2.2.0

packages:

  /@types/is-promise/2.2.0:
    resolution: {integrity: sha512-3ZWSl4E6mj0VlzLs4aaBOG8ZzAYn6l0rq+NjBLSd5Fsg4WUgn/AEXIl/50E8PTGMJESx6U15v7692fyBpMcpSQ==}
    deprecated: This is a stub types definition. is-promise provides its own type definitions, so you do not need this installed.
    dependencies:
      is-promise: 4.0.0
    dev: true

  /is-promise/4.0.0:
    resolution: {integrity: sha512-hvpoI6korhJMnej285dSg6nu1+e6uxs7zG3BYAm5byqDsgJNWwxzM6z6iZiAgQR4TJ30JmBTOwqZUw3WlyH3AQ==}

  /reflect-metadata/0.1.13:
    resolution: {integrity: sha512-Ts1Y/anZELhSsjMcU605fU9RE4Oi3p5ORujwbIKXfWa+0Zxs510Qrmrce5/Jowq3cHSZSJqBjypxmHarc+vEWg==}
    dev: false
