lockfileVersion: 5.4

specifiers:
  '@agros/config': workspace:^0.0.2
  parse-glob: ^3.0.4

dependencies:
  '@agros/config': link:../agros-config
  parse-glob: 3.0.4

packages:

  /glob-base/0.3.0:
    resolution: {integrity: sha512-ab1S1g1EbO7YzauaJLkgLp7DZVAqj9M/dvKlTt8DkXA2tiOIcSMrlVI2J1RZyB5iJVccEscjGn+kpOG9788MHA==}
    engines: {node: '>=0.10.0'}
    dependencies:
      glob-parent: 2.0.0
      is-glob: 2.0.1
    dev: false

  /glob-parent/2.0.0:
    resolution: {integrity: sha512-JDYOvfxio/t42HKdxkAYaCiBN7oYiuxykOxKxdaUW5Qn0zaYN3gRQWolrwdnf0shM9/EP0ebuuTmyoXNr1cC5w==}
    dependencies:
      is-glob: 2.0.1
    dev: false

  /is-dotfile/1.0.3:
    resolution: {integrity: sha512-9YclgOGtN/f8zx0Pr4FQYMdibBiTaH3sn52vjYip4ZSf6C4/6RfTEZ+MR4GvKhCxdPh21Bg42/WL55f6KSnKpg==}
    engines: {node: '>=0.10.0'}
    dev: false

  /is-extglob/1.0.0:
    resolution: {integrity: sha512-7Q+VbVafe6x2T+Tu6NcOf6sRklazEPmBoB3IWk3WdGZM2iGUwU/Oe3Wtq5lSEkDTTlpp8yx+5t4pzO/i9Ty1ww==}
    engines: {node: '>=0.10.0'}
    dev: false

  /is-glob/2.0.1:
    resolution: {integrity: sha512-a1dBeB19NXsf/E0+FHqkagizel/LQw2DjSQpvQrj3zT+jYPpaUCryPnrQajXKFLCMuf4I6FhRpaGtw4lPrG6Eg==}
    engines: {node: '>=0.10.0'}
    dependencies:
      is-extglob: 1.0.0
    dev: false

  /parse-glob/3.0.4:
    resolution: {integrity: sha512-FC5TeK0AwXzq3tUBFtH74naWkPQCEWs4K+xMxWZBlKDWu0bVHXGZa+KKqxKidd7xwhdZ19ZNuF2uO1M/r196HA==}
    engines: {node: '>=0.10.0'}
    dependencies:
      glob-base: 0.3.0
      is-dotfile: 1.0.3
      is-extglob: 1.0.0
      is-glob: 2.0.1
    dev: false
