lockfileVersion: 5.4

specifiers:
  '@agros/app': workspace:^0.3.2
  '@types/react': ^17.0.0
  customize-cra-less-loader: ^2.0.0
  less-loader: ^11.0.0
  react: ^17.0.0
  react-error-boundary: ^3.1.4
  web-vitals: ^2.1.4

dependencies:
  '@agros/app': link:../agros-app
  react: 17.0.2
  react-error-boundary: 3.1.4_react@17.0.2

devDependencies:
  '@types/react': 17.0.47
  customize-cra-less-loader: 2.0.0
  less-loader: 11.0.0
  web-vitals: 2.1.4

packages:

  /@babel/runtime/7.18.3:
    resolution: {integrity: sha512-38Y8f7YUhce/K7RMwTp7m0uCumpv9hZkitCbBClqQIow1qSbCvGkcegKOXpEWCQLfWmevgRiWokZ1GkpfhbZug==}
    engines: {node: '>=6.9.0'}
    dependencies:
      regenerator-runtime: 0.13.9
    dev: false

  /@types/prop-types/15.7.5:
    resolution: {integrity: sha512-JCB8C6SnDoQf0cNycqd/35A7MjcnK+ZTqE7judS6o7utxUCg6imJg3QK2qzHKszlTjcj2cn+NwMB2i96ubpj7w==}
    dev: true

  /@types/react/17.0.47:
    resolution: {integrity: sha512-mk0BL8zBinf2ozNr3qPnlu1oyVTYq+4V7WA76RgxUAtf0Em/Wbid38KN6n4abEkvO4xMTBWmnP1FtQzgkEiJoA==}
    dependencies:
      '@types/prop-types': 15.7.5
      '@types/scheduler': 0.16.2
      csstype: 3.1.0
    dev: true

  /@types/scheduler/0.16.2:
    resolution: {integrity: sha512-hppQEBDmlwhFAXKJX2KnWLYu5yMfi91yazPb2l+lbJiwW+wdo1gNeRA+3RgNSO39WYX2euey41KEwnqesU2Jew==}
    dev: true

  /csstype/3.1.0:
    resolution: {integrity: sha512-uX1KG+x9h5hIJsaKR9xHUeUraxf8IODOwq9JLNPq6BwB04a/xgpq3rcx47l5BZu5zBPlgD342tdke3Hom/nJRA==}
    dev: true

  /customize-cra-less-loader/2.0.0:
    resolution: {integrity: sha512-b+ofZYNNyZgav09t+HJA4Fm7IKhmF6F/QOCrLpZvo0cod5uT+53EuelvYJV9t12vGgd/xJuvfw+AbaQhJR2Tgg==}
    peerDependencies:
      customize-cra: '>=0.9'
      react-scripts: '>=5.0.0'
    dev: true

  /js-tokens/4.0.0:
    resolution: {integrity: sha512-RdJUflcE3cUzKiMqQgsCu06FPu9UdIJO0beYbPhHN4k6apgJtifcoCtT9bcxOpYBtpD2kCM6Sbzg4CausW/PKQ==}
    dev: false

  /klona/2.0.5:
    resolution: {integrity: sha512-pJiBpiXMbt7dkzXe8Ghj/u4FfXOOa98fPW+bihOJ4SjnoijweJrNThJfd3ifXpXhREjpoF2mZVH1GfS9LV3kHQ==}
    engines: {node: '>= 8'}
    dev: true

  /less-loader/11.0.0:
    resolution: {integrity: sha512-9+LOWWjuoectIEx3zrfN83NAGxSUB5pWEabbbidVQVgZhN+wN68pOvuyirVlH1IK4VT1f3TmlyvAnCXh8O5KEw==}
    engines: {node: '>= 14.15.0'}
    peerDependencies:
      less: ^3.5.0 || ^4.0.0
      webpack: ^5.0.0
    dependencies:
      klona: 2.0.5
    dev: true

  /loose-envify/1.4.0:
    resolution: {integrity: sha512-lyuxPGr/Wfhrlem2CL/UcnUc1zcqKAImBDzukY7Y5F/yQiNdko6+fRLevlw1HgMySw7f611UIY408EtxRSoK3Q==}
    hasBin: true
    dependencies:
      js-tokens: 4.0.0
    dev: false

  /object-assign/4.1.1:
    resolution: {integrity: sha512-rJgTQnkUnH1sFw8yT6VSU3zD3sWmu6sZhIseY8VX+GRu3P6F7Fu+JNDoXfklElbLJSnc3FUQHVe4cU5hj+BcUg==}
    engines: {node: '>=0.10.0'}
    dev: false

  /react-error-boundary/3.1.4_react@17.0.2:
    resolution: {integrity: sha512-uM9uPzZJTF6wRQORmSrvOIgt4lJ9MC1sNgEOj2XGsDTRE4kmpWxg7ENK9EWNKJRMAOY9z0MuF4yIfl6gp4sotA==}
    engines: {node: '>=10', npm: '>=6'}
    peerDependencies:
      react: '>=16.13.1'
    dependencies:
      '@babel/runtime': 7.18.3
      react: 17.0.2
    dev: false

  /react/17.0.2:
    resolution: {integrity: sha512-gnhPt75i/dq/z3/6q/0asP78D0u592D5L1pd7M8P+dck6Fu/jJeL6iVVK23fptSUZj8Vjf++7wXA8UNclGQcbA==}
    engines: {node: '>=0.10.0'}
    dependencies:
      loose-envify: 1.4.0
      object-assign: 4.1.1
    dev: false

  /regenerator-runtime/0.13.9:
    resolution: {integrity: sha512-p3VT+cOEgxFsRRA9X4lkI1E+k2/CtnKtU4gcxyaCUreilL/vqI6CdZ3wxVUx3UOUg+gnUOQQcRI7BmSI656MYA==}
    dev: false

  /web-vitals/2.1.4:
    resolution: {integrity: sha512-sVWcwhU5mX6crfI5Vd2dC4qchyTqxV8URinzt25XqVh+bHEPGH4C3NPrNionCP7Obx59wrYEbNlw4Z8sjALzZg==}
    dev: true
