lockfileVersion: 5.4

specifiers:
  '@types/loader-utils': ^2.0.3
  loader-utils: ^3.2.0

dependencies:
  loader-utils: 3.2.0

devDependencies:
  '@types/loader-utils': 2.0.3

packages:

  /@types/loader-utils/2.0.3:
    resolution: {integrity: sha512-sDXXzZnTLXgdso54/iOpAFSDgqhVXabCvwGAt77Agadh/Xk0QYgOk520r3tpOouI098gyqGIFywx8Op1voc3vQ==}
    dependencies:
      '@types/node': 18.0.0
      '@types/webpack': 4.41.32
    dev: true

  /@types/node/18.0.0:
    resolution: {integrity: sha512-cHlGmko4gWLVI27cGJntjs/Sj8th9aYwplmZFwmmgYQQvL5NUsgVJG7OddLvNfLqYS31KFN0s3qlaD9qCaxACA==}
    dev: true

  /@types/source-list-map/0.1.2:
    resolution: {integrity: sha512-K5K+yml8LTo9bWJI/rECfIPrGgxdpeNbj+d53lwN4QjW1MCwlkhUms+gtdzigTeUyBr09+u8BwOIY3MXvHdcsA==}
    dev: true

  /@types/tapable/1.0.8:
    resolution: {integrity: sha512-ipixuVrh2OdNmauvtT51o3d8z12p6LtFW9in7U79der/kwejjdNchQC5UMn5u/KxNoM7VHHOs/l8KS8uHxhODQ==}
    dev: true

  /@types/uglify-js/3.16.0:
    resolution: {integrity: sha512-0yeUr92L3r0GLRnBOvtYK1v2SjqMIqQDHMl7GLb+l2L8+6LSFWEEWEIgVsPdMn5ImLM8qzWT8xFPtQYpp8co0g==}
    dependencies:
      source-map: 0.6.1
    dev: true

  /@types/webpack-sources/3.2.0:
    resolution: {integrity: sha512-Ft7YH3lEVRQ6ls8k4Ff1oB4jN6oy/XmU6tQISKdhfh+1mR+viZFphS6WL0IrtDOzvefmJg5a0s7ZQoRXwqTEFg==}
    dependencies:
      '@types/node': 18.0.0
      '@types/source-list-map': 0.1.2
      source-map: 0.7.4
    dev: true

  /@types/webpack/4.41.32:
    resolution: {integrity: sha512-cb+0ioil/7oz5//7tZUSwbrSAN/NWHrQylz5cW8G0dWTcF/g+/dSdMlKVZspBYuMAN1+WnwHrkxiRrLcwd0Heg==}
    dependencies:
      '@types/node': 18.0.0
      '@types/tapable': 1.0.8
      '@types/uglify-js': 3.16.0
      '@types/webpack-sources': 3.2.0
      anymatch: 3.1.2
      source-map: 0.6.1
    dev: true

  /anymatch/3.1.2:
    resolution: {integrity: sha512-P43ePfOAIupkguHUycrc4qJ9kz8ZiuOUijaETwX7THt0Y/GNK7v0aa8rY816xWjZ7rJdA5XdMcpVFTKMq+RvWg==}
    engines: {node: '>= 8'}
    dependencies:
      normalize-path: 3.0.0
      picomatch: 2.3.1
    dev: true

  /loader-utils/3.2.0:
    resolution: {integrity: sha512-HVl9ZqccQihZ7JM85dco1MvO9G+ONvxoGa9rkhzFsneGLKSUg1gJf9bWzhRhcvm2qChhWpebQhP44qxjKIUCaQ==}
    engines: {node: '>= 12.13.0'}
    dev: false

  /normalize-path/3.0.0:
    resolution: {integrity: sha512-6eZs5Ls3WtCisHWp9S2GUy8dqkpGi4BVSz3GaqiE6ezub0512ESztXUwUB6C6IKbQkY2Pnb/mD4WYojCRwcwLA==}
    engines: {node: '>=0.10.0'}
    dev: true

  /picomatch/2.3.1:
    resolution: {integrity: sha512-JU3teHTNjmE2VCGFzuY8EXzCDVwEqB2a8fsIvwaStHhAWJEeVd1o1QD80CU6+ZdEXXSLbSsuLwJjkCBWqRQUVA==}
    engines: {node: '>=8.6'}
    dev: true

  /source-map/0.6.1:
    resolution: {integrity: sha512-UjgapumWlbMhkBgzT7Ykc5YXUT46F0iKu8SGXq0bcwP5dz/h0Plj6enJqjz1Zbq2l5WaqYnrVbwWOWMyF3F47g==}
    engines: {node: '>=0.10.0'}
    dev: true

  /source-map/0.7.4:
    resolution: {integrity: sha512-l3BikUxvPOcn5E74dZiq5BGsTb5yEwhaTSzccU6t4sDOH8NWJCstKO5QT2CvtFoK6F0saL7p9xHAqHOlCPJygA==}
    engines: {node: '>= 8'}
    dev: true
